
Microsoft Visual Studio Solution File, Format Version 12.00
# Visual Studio 14
VisualStudioVersion = 14.0.25420.1
MinimumVisualStudioVersion = 10.0.40219.1
Project("{FAE04EC0-301F-11D3-BF4B-00C04F79EFBC}") = "DiffsApi", "DiffsApi\DiffsApi.csproj", "{0EC7159E-8CEE-489B-8C41-65121384DA4D}"
EndProject
Project("{FAE04EC0-301F-11D3-BF4B-00C04F79EFBC}") = "DAL", "DAL\DAL.csproj", "{1B25C850-56E9-4ECE-912B-7CC114F3E264}"
EndProject
Project("{FAE04EC0-301F-11D3-BF4B-00C04F79EFBC}") = "BLL", "BLL\BLL.csproj", "{7003105B-DF2C-4446-884B-B20962DC3A34}"
EndProject
Project("{2150E333-8FDC-42A3-9474-1A3956D46DE8}") = "Common", "Common", "{FE6A9CA1-2B46-4994-8CA1-026DCE02DE7A}"
EndProject
Project("{FAE04EC0-301F-11D3-BF4B-00C04F79EFBC}") = "BusinessSupport", "Common\BusinessSupport.csproj", "{2B4B6EBC-A351-402C-B202-4D49AFF98E17}"
EndProject
Project("{FAE04EC0-301F-11D3-BF4B-00C04F79EFBC}") = "ProjectedEntities", "ProjectedEntities\ProjectedEntities.csproj", "{F9126C1C-49D6-4C23-84EB-BD2312B95A78}"
EndProject
Global
	GlobalSection(SolutionConfigurationPlatforms) = preSolution
		Debug|Any CPU = Debug|Any CPU
		Release|Any CPU = Release|Any CPU
	EndGlobalSection
	GlobalSection(ProjectConfigurationPlatforms) = postSolution
		{0EC7159E-8CEE-489B-8C41-65121384DA4D}.Debug|Any CPU.ActiveCfg = Debug|Any CPU
		{0EC7159E-8CEE-489B-8C41-65121384DA4D}.Debug|Any CPU.Build.0 = Debug|Any CPU
		{0EC7159E-8CEE-489B-8C41-65121384DA4D}.Release|Any CPU.ActiveCfg = Release|Any CPU
		{0EC7159E-8CEE-489B-8C41-65121384DA4D}.Release|Any CPU.Build.0 = Release|Any CPU
		{1B25C850-56E9-4ECE-912B-7CC114F3E264}.Debug|Any CPU.ActiveCfg = Debug|Any CPU
		{1B25C850-56E9-4ECE-912B-7CC114F3E264}.Debug|Any CPU.Build.0 = Debug|Any CPU
		{1B25C850-56E9-4ECE-912B-7CC114F3E264}.Release|Any CPU.ActiveCfg = Release|Any CPU
		{1B25C850-56E9-4ECE-912B-7CC114F3E264}.Release|Any CPU.Build.0 = Release|Any CPU
		{7003105B-DF2C-4446-884B-B20962DC3A34}.Debug|Any CPU.ActiveCfg = Debug|Any CPU
		{7003105B-DF2C-4446-884B-B20962DC3A34}.Debug|Any CPU.Build.0 = Debug|Any CPU
		{7003105B-DF2C-4446-884B-B20962DC3A34}.Release|Any CPU.ActiveCfg = Release|Any CPU
		{7003105B-DF2C-4446-884B-B20962DC3A34}.Release|Any CPU.Build.0 = Release|Any CPU
		{2B4B6EBC-A351-402C-B202-4D49AFF98E17}.Debug|Any CPU.ActiveCfg = Debug|Any CPU
		{2B4B6EBC-A351-402C-B202-4D49AFF98E17}.Debug|Any CPU.Build.0 = Debug|Any CPU
		{2B4B6EBC-A351-402C-B202-4D49AFF98E17}.Release|Any CPU.ActiveCfg = Release|Any CPU
		{2B4B6EBC-A351-402C-B202-4D49AFF98E17}.Release|Any CPU.Build.0 = Release|Any CPU
		{F9126C1C-49D6-4C23-84EB-BD2312B95A78}.Debug|Any CPU.ActiveCfg = Debug|Any CPU
		{F9126C1C-49D6-4C23-84EB-BD2312B95A78}.Debug|Any CPU.Build.0 = Debug|Any CPU
		{F9126C1C-49D6-4C23-84EB-BD2312B95A78}.Release|Any CPU.ActiveCfg = Release|Any CPU
		{F9126C1C-49D6-4C23-84EB-BD2312B95A78}.Release|Any CPU.Build.0 = Release|Any CPU
	EndGlobalSection
	GlobalSection(SolutionProperties) = preSolution
		HideSolutionNode = FALSE
	EndGlobalSection
	GlobalSection(NestedProjects) = preSolution
		{2B4B6EBC-A351-402C-B202-4D49AFF98E17} = {FE6A9CA1-2B46-4994-8CA1-026DCE02DE7A}
		{F9126C1C-49D6-4C23-84EB-BD2312B95A78} = {FE6A9CA1-2B46-4994-8CA1-026DCE02DE7A}
	EndGlobalSection
EndGlobal
